
Microsoft Visual Studio Solution File, Format Version 12.00
# Visual Studio Version 17
VisualStudioVersion = 17.0.31612.314
MinimumVisualStudioVersion = 10.0.40219.1
Project("{9A19103F-16F7-4668-BE54-9A1E7A4F7556}") = "Codility.Solvers", "Codility.Solvers\Codility.Solvers.csproj", "{B800BD30-2BD2-4FCD-BA2F-32F00BC38C34}"
EndProject
Project("{9A19103F-16F7-4668-BE54-9A1E7A4F7556}") = "Codility.Tests", "Codiliti.Tests\Codility.Tests.csproj", "{069F7393-10F4-4C75-80E8-856BEED84C9D}"
EndProject
Project("{9A19103F-16F7-4668-BE54-9A1E7A4F7556}") = "LuxoftPolandContest", "LuxoftPolandContest\LuxoftPolandContest.csproj", "{3E0346AB-3846-4648-8EBF-3ACD7BC8ECE8}"
EndProject
Project("{9A19103F-16F7-4668-BE54-9A1E7A4F7556}") = "LuxoftPolandContest.Tests", "LuxoftPolandContest.Tests\LuxoftPolandContest.Tests.csproj", "{1AC1D930-8192-48A1-B5FC-7E259515DF03}"
EndProject
Project("{9A19103F-16F7-4668-BE54-9A1E7A4F7556}") = "Luxoft.GeneralCsTest", "Luxoft.GeneralCsTest\Luxoft.GeneralCsTest.csproj", "{D42CB5D5-A615-4A24-ACCF-A2E8A9FADDDE}"
EndProject
Project("{9A19103F-16F7-4668-BE54-9A1E7A4F7556}") = "LeetCode.Tasks", "LeetCode.Tasks\LeetCode.Tasks.csproj", "{DF3EC2CD-A8CC-4167-A3D0-CA3CBCE16275}"
EndProject
Project("{9A19103F-16F7-4668-BE54-9A1E7A4F7556}") = "LeetCode.Tests", "LeetCode.Tests\LeetCode.Tests.csproj", "{ABADEAEC-E991-41E5-AF04-A83C584198DA}"
EndProject
Project("{9A19103F-16F7-4668-BE54-9A1E7A4F7556}") = "Facebook.Problems", "Facebook.Problems\Facebook.Problems.csproj", "{0F698016-CA3B-4D64-B973-7CC94FEF2B39}"
EndProject
Project("{9A19103F-16F7-4668-BE54-9A1E7A4F7556}") = "Facebook.Tests", "Facebook.Tests\Facebook.Tests.csproj", "{FF12B147-51EC-4E35-90C7-3E698F6E8E96}"
EndProject
Project("{9A19103F-16F7-4668-BE54-9A1E7A4F7556}") = "Algorithms.Solutions", "Algorithms.Solutions\Algorithms.Solutions.csproj", "{33F2EBB8-F897-4992-9C22-519EDC8E0E68}"
EndProject
Project("{9A19103F-16F7-4668-BE54-9A1E7A4F7556}") = "Algorithms.Tests", "Algorithms.Tests\Algorithms.Tests.csproj", "{E13993A8-01FD-4F1A-BF37-4C9C84376F91}"
EndProject
Project("{9A19103F-16F7-4668-BE54-9A1E7A4F7556}") = "ClassicalProblems", "ClassicalProblems\ClassicalProblems.csproj", "{C750CB1D-48E0-40C6-B4FE-DE402901C228}"
EndProject
Project("{9A19103F-16F7-4668-BE54-9A1E7A4F7556}") = "ClassicalProblems.Tests", "ClassicalProblems.Tests\ClassicalProblems.Tests.csproj", "{06D5DE1C-CE04-4054-9423-21A9C10C1F18}"
EndProject
Project("{9A19103F-16F7-4668-BE54-9A1E7A4F7556}") = "TicTacToe", "TicTacToe\TicTacToe.csproj", "{F3F897B0-2036-4808-8ABC-84BD723F3B35}"
EndProject
Project("{9A19103F-16F7-4668-BE54-9A1E7A4F7556}") = "ConnectFour", "ConnectFour\ConnectFour.csproj", "{5A54291D-C771-4FBE-9418-2BFDB564A239}"
EndProject
Project("{2150E333-8FDC-42A3-9474-1A3956D46DE8}") = "Games", "Games", "{AD203C3C-607F-4DBA-8783-D748173E58E3}"
EndProject
Project("{FAE04EC0-301F-11D3-BF4B-00C04F79EFBC}") = "Luxoft.GeneralCsTest.Tests", "Luxoft.GeneralCsTest.Tests\Luxoft.GeneralCsTest.Tests.csproj", "{5A364C84-7BB7-4347-B89C-D558B9CBDFA4}"
EndProject
Global
	GlobalSection(SolutionConfigurationPlatforms) = preSolution
		Debug|Any CPU = Debug|Any CPU
		Release|Any CPU = Release|Any CPU
	EndGlobalSection
	GlobalSection(ProjectConfigurationPlatforms) = postSolution
		{B800BD30-2BD2-4FCD-BA2F-32F00BC38C34}.Debug|Any CPU.ActiveCfg = Debug|Any CPU
		{B800BD30-2BD2-4FCD-BA2F-32F00BC38C34}.Debug|Any CPU.Build.0 = Debug|Any CPU
		{B800BD30-2BD2-4FCD-BA2F-32F00BC38C34}.Release|Any CPU.ActiveCfg = Release|Any CPU
		{B800BD30-2BD2-4FCD-BA2F-32F00BC38C34}.Release|Any CPU.Build.0 = Release|Any CPU
		{069F7393-10F4-4C75-80E8-856BEED84C9D}.Debug|Any CPU.ActiveCfg = Debug|Any CPU
		{069F7393-10F4-4C75-80E8-856BEED84C9D}.Debug|Any CPU.Build.0 = Debug|Any CPU
		{069F7393-10F4-4C75-80E8-856BEED84C9D}.Release|Any CPU.ActiveCfg = Release|Any CPU
		{069F7393-10F4-4C75-80E8-856BEED84C9D}.Release|Any CPU.Build.0 = Release|Any CPU
		{3E0346AB-3846-4648-8EBF-3ACD7BC8ECE8}.Debug|Any CPU.ActiveCfg = Debug|Any CPU
		{3E0346AB-3846-4648-8EBF-3ACD7BC8ECE8}.Debug|Any CPU.Build.0 = Debug|Any CPU
		{3E0346AB-3846-4648-8EBF-3ACD7BC8ECE8}.Release|Any CPU.ActiveCfg = Release|Any CPU
		{3E0346AB-3846-4648-8EBF-3ACD7BC8ECE8}.Release|Any CPU.Build.0 = Release|Any CPU
		{1AC1D930-8192-48A1-B5FC-7E259515DF03}.Debug|Any CPU.ActiveCfg = Debug|Any CPU
		{1AC1D930-8192-48A1-B5FC-7E259515DF03}.Debug|Any CPU.Build.0 = Debug|Any CPU
		{1AC1D930-8192-48A1-B5FC-7E259515DF03}.Release|Any CPU.ActiveCfg = Release|Any CPU
		{1AC1D930-8192-48A1-B5FC-7E259515DF03}.Release|Any CPU.Build.0 = Release|Any CPU
		{D42CB5D5-A615-4A24-ACCF-A2E8A9FADDDE}.Debug|Any CPU.ActiveCfg = Debug|Any CPU
		{D42CB5D5-A615-4A24-ACCF-A2E8A9FADDDE}.Debug|Any CPU.Build.0 = Debug|Any CPU
		{D42CB5D5-A615-4A24-ACCF-A2E8A9FADDDE}.Release|Any CPU.ActiveCfg = Release|Any CPU
		{D42CB5D5-A615-4A24-ACCF-A2E8A9FADDDE}.Release|Any CPU.Build.0 = Release|Any CPU
		{DF3EC2CD-A8CC-4167-A3D0-CA3CBCE16275}.Debug|Any CPU.ActiveCfg = Debug|Any CPU
		{DF3EC2CD-A8CC-4167-A3D0-CA3CBCE16275}.Debug|Any CPU.Build.0 = Debug|Any CPU
		{DF3EC2CD-A8CC-4167-A3D0-CA3CBCE16275}.Release|Any CPU.ActiveCfg = Release|Any CPU
		{DF3EC2CD-A8CC-4167-A3D0-CA3CBCE16275}.Release|Any CPU.Build.0 = Release|Any CPU
		{ABADEAEC-E991-41E5-AF04-A83C584198DA}.Debug|Any CPU.ActiveCfg = Debug|Any CPU
		{ABADEAEC-E991-41E5-AF04-A83C584198DA}.Debug|Any CPU.Build.0 = Debug|Any CPU
		{ABADEAEC-E991-41E5-AF04-A83C584198DA}.Release|Any CPU.ActiveCfg = Release|Any CPU
		{ABADEAEC-E991-41E5-AF04-A83C584198DA}.Release|Any CPU.Build.0 = Release|Any CPU
		{0F698016-CA3B-4D64-B973-7CC94FEF2B39}.Debug|Any CPU.ActiveCfg = Debug|Any CPU
		{0F698016-CA3B-4D64-B973-7CC94FEF2B39}.Debug|Any CPU.Build.0 = Debug|Any CPU
		{0F698016-CA3B-4D64-B973-7CC94FEF2B39}.Release|Any CPU.ActiveCfg = Release|Any CPU
		{0F698016-CA3B-4D64-B973-7CC94FEF2B39}.Release|Any CPU.Build.0 = Release|Any CPU
		{FF12B147-51EC-4E35-90C7-3E698F6E8E96}.Debug|Any CPU.ActiveCfg = Debug|Any CPU
		{FF12B147-51EC-4E35-90C7-3E698F6E8E96}.Debug|Any CPU.Build.0 = Debug|Any CPU
		{FF12B147-51EC-4E35-90C7-3E698F6E8E96}.Release|Any CPU.ActiveCfg = Release|Any CPU
		{FF12B147-51EC-4E35-90C7-3E698F6E8E96}.Release|Any CPU.Build.0 = Release|Any CPU
		{33F2EBB8-F897-4992-9C22-519EDC8E0E68}.Debug|Any CPU.ActiveCfg = Debug|Any CPU
		{33F2EBB8-F897-4992-9C22-519EDC8E0E68}.Debug|Any CPU.Build.0 = Debug|Any CPU
		{33F2EBB8-F897-4992-9C22-519EDC8E0E68}.Release|Any CPU.ActiveCfg = Release|Any CPU
		{33F2EBB8-F897-4992-9C22-519EDC8E0E68}.Release|Any CPU.Build.0 = Release|Any CPU
		{E13993A8-01FD-4F1A-BF37-4C9C84376F91}.Debug|Any CPU.ActiveCfg = Debug|Any CPU
		{E13993A8-01FD-4F1A-BF37-4C9C84376F91}.Debug|Any CPU.Build.0 = Debug|Any CPU
		{E13993A8-01FD-4F1A-BF37-4C9C84376F91}.Release|Any CPU.ActiveCfg = Release|Any CPU
		{E13993A8-01FD-4F1A-BF37-4C9C84376F91}.Release|Any CPU.Build.0 = Release|Any CPU
		{C750CB1D-48E0-40C6-B4FE-DE402901C228}.Debug|Any CPU.ActiveCfg = Debug|Any CPU
		{C750CB1D-48E0-40C6-B4FE-DE402901C228}.Debug|Any CPU.Build.0 = Debug|Any CPU
		{C750CB1D-48E0-40C6-B4FE-DE402901C228}.Release|Any CPU.ActiveCfg = Release|Any CPU
		{C750CB1D-48E0-40C6-B4FE-DE402901C228}.Release|Any CPU.Build.0 = Release|Any CPU
		{06D5DE1C-CE04-4054-9423-21A9C10C1F18}.Debug|Any CPU.ActiveCfg = Debug|Any CPU
		{06D5DE1C-CE04-4054-9423-21A9C10C1F18}.Debug|Any CPU.Build.0 = Debug|Any CPU
		{06D5DE1C-CE04-4054-9423-21A9C10C1F18}.Release|Any CPU.ActiveCfg = Release|Any CPU
		{06D5DE1C-CE04-4054-9423-21A9C10C1F18}.Release|Any CPU.Build.0 = Release|Any CPU
		{F3F897B0-2036-4808-8ABC-84BD723F3B35}.Debug|Any CPU.ActiveCfg = Debug|Any CPU
		{F3F897B0-2036-4808-8ABC-84BD723F3B35}.Debug|Any CPU.Build.0 = Debug|Any CPU
		{F3F897B0-2036-4808-8ABC-84BD723F3B35}.Release|Any CPU.ActiveCfg = Release|Any CPU
		{F3F897B0-2036-4808-8ABC-84BD723F3B35}.Release|Any CPU.Build.0 = Release|Any CPU
		{5A54291D-C771-4FBE-9418-2BFDB564A239}.Debug|Any CPU.ActiveCfg = Debug|Any CPU
		{5A54291D-C771-4FBE-9418-2BFDB564A239}.Debug|Any CPU.Build.0 = Debug|Any CPU
		{5A54291D-C771-4FBE-9418-2BFDB564A239}.Release|Any CPU.ActiveCfg = Release|Any CPU
		{5A54291D-C771-4FBE-9418-2BFDB564A239}.Release|Any CPU.Build.0 = Release|Any CPU
		{5A364C84-7BB7-4347-B89C-D558B9CBDFA4}.Debug|Any CPU.ActiveCfg = Debug|Any CPU
		{5A364C84-7BB7-4347-B89C-D558B9CBDFA4}.Debug|Any CPU.Build.0 = Debug|Any CPU
		{5A364C84-7BB7-4347-B89C-D558B9CBDFA4}.Release|Any CPU.ActiveCfg = Release|Any CPU
		{5A364C84-7BB7-4347-B89C-D558B9CBDFA4}.Release|Any CPU.Build.0 = Release|Any CPU
	EndGlobalSection
	GlobalSection(SolutionProperties) = preSolution
		HideSolutionNode = FALSE
	EndGlobalSection
	GlobalSection(NestedProjects) = preSolution
		{F3F897B0-2036-4808-8ABC-84BD723F3B35} = {AD203C3C-607F-4DBA-8783-D748173E58E3}
		{5A54291D-C771-4FBE-9418-2BFDB564A239} = {AD203C3C-607F-4DBA-8783-D748173E58E3}
	EndGlobalSection
	GlobalSection(ExtensibilityGlobals) = postSolution
		SolutionGuid = {7A20C9ED-DC05-4812-93A2-813861F04B0E}
	EndGlobalSection
EndGlobal
